
Microsoft Visual Studio Solution File, Format Version 12.00
# Visual Studio Version 17
VisualStudioVersion = 17.0.31919.166
MinimumVisualStudioVersion = 10.0.40219.1
Project("{9A19103F-16F7-4668-BE54-9A1E7A4F7556}") = "LinkCrawler", "LinkCrawler\LinkCrawler.csproj", "{2577FC77-6AEE-4FB6-AA76-BD40F55788EC}"
EndProject
Project("{9A19103F-16F7-4668-BE54-9A1E7A4F7556}") = "LinkCrawler.Domain", "LinkCrawler.Domain\LinkCrawler.Domain.csproj", "{8CA5F53E-C743-4468-BD1A-9DC10EFD150B}"
EndProject
Project("{2150E333-8FDC-42A3-9474-1A3956D46DE8}") = "SolutionItems", "SolutionItems", "{88049787-47FE-4F64-B798-D65325EA10C3}"
	ProjectSection(SolutionItems) = preProject
		.gitattributes = .gitattributes
		.gitignore = .gitignore
		LICENSE.md = LICENSE.md
		README.md = README.md
	EndProjectSection
EndProject
Project("{FAE04EC0-301F-11D3-BF4B-00C04F79EFBC}") = "LinkCrawler.Function", "LinkCrawler.Function\LinkCrawler.Function.csproj", "{A5245159-7A9F-4A58-B041-EA030496C44E}"
EndProject
Global
	GlobalSection(SolutionConfigurationPlatforms) = preSolution
		Debug|Any CPU = Debug|Any CPU
		Release|Any CPU = Release|Any CPU
	EndGlobalSection
	GlobalSection(ProjectConfigurationPlatforms) = postSolution
		{2577FC77-6AEE-4FB6-AA76-BD40F55788EC}.Debug|Any CPU.ActiveCfg = Debug|Any CPU
		{2577FC77-6AEE-4FB6-AA76-BD40F55788EC}.Debug|Any CPU.Build.0 = Debug|Any CPU
		{2577FC77-6AEE-4FB6-AA76-BD40F55788EC}.Release|Any CPU.ActiveCfg = Release|Any CPU
		{2577FC77-6AEE-4FB6-AA76-BD40F55788EC}.Release|Any CPU.Build.0 = Release|Any CPU
		{8CA5F53E-C743-4468-BD1A-9DC10EFD150B}.Debug|Any CPU.ActiveCfg = Debug|Any CPU
		{8CA5F53E-C743-4468-BD1A-9DC10EFD150B}.Debug|Any CPU.Build.0 = Debug|Any CPU
		{8CA5F53E-C743-4468-BD1A-9DC10EFD150B}.Release|Any CPU.ActiveCfg = Release|Any CPU
		{8CA5F53E-C743-4468-BD1A-9DC10EFD150B}.Release|Any CPU.Build.0 = Release|Any CPU
		{A5245159-7A9F-4A58-B041-EA030496C44E}.Debug|Any CPU.ActiveCfg = Debug|Any CPU
		{A5245159-7A9F-4A58-B041-EA030496C44E}.Debug|Any CPU.Build.0 = Debug|Any CPU
		{A5245159-7A9F-4A58-B041-EA030496C44E}.Release|Any CPU.ActiveCfg = Release|Any CPU
		{A5245159-7A9F-4A58-B041-EA030496C44E}.Release|Any CPU.Build.0 = Release|Any CPU
	EndGlobalSection
	GlobalSection(SolutionProperties) = preSolution
		HideSolutionNode = FALSE
	EndGlobalSection
	GlobalSection(ExtensibilityGlobals) = postSolution
		SolutionGuid = {FBD771CD-3A0A-4232-8FE3-A128007E787D}
	EndGlobalSection
EndGlobal
