
Microsoft Visual Studio Solution File, Format Version 12.00
# Visual Studio 14
VisualStudioVersion = 14.0.24720.0
MinimumVisualStudioVersion = 10.0.40219.1
Project("{FAE04EC0-301F-11D3-BF4B-00C04F79EFBC}") = "LinkCrawler", "LinkCrawler\LinkCrawler.csproj", "{DB53303B-F9FB-4D77-B656-D05DB0420E6A}"
EndProject
Project("{FAE04EC0-301F-11D3-BF4B-00C04F79EFBC}") = "LinkCrawler.Tests", "LinkCrawler.Tests\LinkCrawler.Tests.csproj", "{964A55BE-AC53-4E97-BAA9-55323323E3E3}"
EndProject
Global
	GlobalSection(SolutionConfigurationPlatforms) = preSolution
		Debug|Any CPU = Debug|Any CPU
		Release|Any CPU = Release|Any CPU
	EndGlobalSection
	GlobalSection(ProjectConfigurationPlatforms) = postSolution
		{DB53303B-F9FB-4D77-B656-D05DB0420E6A}.Debug|Any CPU.ActiveCfg = Debug|Any CPU
		{DB53303B-F9FB-4D77-B656-D05DB0420E6A}.Debug|Any CPU.Build.0 = Debug|Any CPU
		{DB53303B-F9FB-4D77-B656-D05DB0420E6A}.Release|Any CPU.ActiveCfg = Release|Any CPU
		{DB53303B-F9FB-4D77-B656-D05DB0420E6A}.Release|Any CPU.Build.0 = Release|Any CPU
		{964A55BE-AC53-4E97-BAA9-55323323E3E3}.Debug|Any CPU.ActiveCfg = Debug|Any CPU
		{964A55BE-AC53-4E97-BAA9-55323323E3E3}.Debug|Any CPU.Build.0 = Debug|Any CPU
		{964A55BE-AC53-4E97-BAA9-55323323E3E3}.Release|Any CPU.ActiveCfg = Release|Any CPU
		{964A55BE-AC53-4E97-BAA9-55323323E3E3}.Release|Any CPU.Build.0 = Release|Any CPU
	EndGlobalSection
	GlobalSection(SolutionProperties) = preSolution
		HideSolutionNode = FALSE
	EndGlobalSection
EndGlobal
